{
  "name": "how-are-you",
  "version": "1.0.0",
  "lockfileVersion": 1,
  "requires": true,
  "dependencies": {
    "1on1-questions": {
      "version": "1.0.0",
      "resolved": "https://registry.npmjs.org/1on1-questions/-/1on1-questions-1.0.0.tgz",
      "integrity": "sha512-cPSOmKeblrefRkuRpkv27Vl9G/pRI1kbYTlZtoQKNkyOYqc/iykTZ6ufi8WoOnOBphy4fZmK7gcjU4jfRYOi/Q=="
    }
  }
}
